{
  "object": {
    "pins": [
      {
        "package": "swift-argument-parser",
        "repositoryURL": "https://github.com/apple/swift-argument-parser",
        "state": {
          "branch": null,
          "revision": "223d62adc52d51669ae2ee19bdb8b7d9fd6fcd9c",
          "version": "0.0.6"
        }
      },
      {
        "package": "Benchmark",
        "repositoryURL": "https://github.com/google/swift-benchmark",
        "state": {
          "branch": "master",
          "revision": "ba1357ec14b7b6d0f2593c1f0ccb769fbe6092fd",
          "version": null
        }
      },
      {
        "package": "TensorFlowModels",
        "repositoryURL": "http://github.com/tensorflow/swift-models",
        "state": {
          "branch": "master",
          "revision": "715e1a4827ec7fdf61642e1922006b6a8324f886",
          "version": null
        }
      },
      {
        "package": "SwiftProtobuf",
        "repositoryURL": "https://github.com/apple/swift-protobuf.git",
        "state": {
          "branch": null,
          "revision": "7f36441e3372665b1b414f8ac93b5905cc42a405",
          "version": "1.9.0"
        }
      },
      {
        "package": "SwiftLibjpegturbo",
        "repositoryURL": "https://github.com/ayushi2103/SwiftLibjpegTurbo.git",
        "state": {
          "branch": "master",
          "revision": "03e486f42daa33ec26f972b8dc68e183b6a3c514",
          "version": null
        }
      }
    ]
  },
  "version": 1
}
